
Microsoft Visual Studio Solution File, Format Version 12.00
# Visual Studio Version 16
VisualStudioVersion = 16.0.32002.261
MinimumVisualStudioVersion = 10.0.40219.1
Project("{FAE04EC0-301F-11D3-BF4B-00C04F79EFBC}") = "Tugas1", "Tugas1\Tugas1.csproj", "{42F7E663-3FD3-47A2-B20E-8E8A5AE517BB}"
EndProject
Global
	GlobalSection(SolutionConfigurationPlatforms) = preSolution
		Debug|Any CPU = Debug|Any CPU
		Release|Any CPU = Release|Any CPU
	EndGlobalSection
	GlobalSection(ProjectConfigurationPlatforms) = postSolution
		{42F7E663-3FD3-47A2-B20E-8E8A5AE517BB}.Debug|Any CPU.ActiveCfg = Debug|Any CPU
		{42F7E663-3FD3-47A2-B20E-8E8A5AE517BB}.Debug|Any CPU.Build.0 = Debug|Any CPU
		{42F7E663-3FD3-47A2-B20E-8E8A5AE517BB}.Release|Any CPU.ActiveCfg = Release|Any CPU
		{42F7E663-3FD3-47A2-B20E-8E8A5AE517BB}.Release|Any CPU.Build.0 = Release|Any CPU
	EndGlobalSection
	GlobalSection(SolutionProperties) = preSolution
		HideSolutionNode = FALSE
	EndGlobalSection
	GlobalSection(ExtensibilityGlobals) = postSolution
		SolutionGuid = {B99905ED-37FA-4E50-8801-08A087D1BBC5}
	EndGlobalSection
EndGlobal
